
Microsoft Visual Studio Solution File, Format Version 12.00
# Visual Studio Version 17
VisualStudioVersion = 17.10.35013.160
MinimumVisualStudioVersion = 10.0.40219.1
Project("{FAE04EC0-301F-11D3-BF4B-00C04F79EFBC}") = "LoggingService", "LoggingService\LoggingService.csproj", "{965303FB-D8AD-4765-893E-E33FB1D2F9F2}"
EndProject
Project("{FAE04EC0-301F-11D3-BF4B-00C04F79EFBC}") = "NLogBackendAPI", "NLogBackendAPI\NLogBackendAPI.csproj", "{ABE06B25-001E-4123-ABAF-3919195B2EF4}"
EndProject
Project("{2150E333-8FDC-42A3-9474-1A3956D46DE8}") = "Solution Items", "Solution Items", "{D8A4AC8D-35B8-4A6A-B023-320B349B4696}"
	ProjectSection(SolutionItems) = preProject
		Readme.md = Readme.md
	EndProjectSection
EndProject
Global
	GlobalSection(SolutionConfigurationPlatforms) = preSolution
		Debug|Any CPU = Debug|Any CPU
		Release|Any CPU = Release|Any CPU
	EndGlobalSection
	GlobalSection(ProjectConfigurationPlatforms) = postSolution
		{965303FB-D8AD-4765-893E-E33FB1D2F9F2}.Debug|Any CPU.ActiveCfg = Debug|Any CPU
		{965303FB-D8AD-4765-893E-E33FB1D2F9F2}.Debug|Any CPU.Build.0 = Debug|Any CPU
		{965303FB-D8AD-4765-893E-E33FB1D2F9F2}.Release|Any CPU.ActiveCfg = Release|Any CPU
		{965303FB-D8AD-4765-893E-E33FB1D2F9F2}.Release|Any CPU.Build.0 = Release|Any CPU
		{ABE06B25-001E-4123-ABAF-3919195B2EF4}.Debug|Any CPU.ActiveCfg = Debug|Any CPU
		{ABE06B25-001E-4123-ABAF-3919195B2EF4}.Debug|Any CPU.Build.0 = Debug|Any CPU
		{ABE06B25-001E-4123-ABAF-3919195B2EF4}.Release|Any CPU.ActiveCfg = Release|Any CPU
		{ABE06B25-001E-4123-ABAF-3919195B2EF4}.Release|Any CPU.Build.0 = Release|Any CPU
	EndGlobalSection
	GlobalSection(SolutionProperties) = preSolution
		HideSolutionNode = FALSE
	EndGlobalSection
	GlobalSection(ExtensibilityGlobals) = postSolution
		SolutionGuid = {938EA9D7-902E-497F-9B05-54933EAB26A7}
	EndGlobalSection
EndGlobal
